
Microsoft Visual Studio Solution File, Format Version 12.00
# Visual Studio Version 16
VisualStudioVersion = 16.0.33214.272
MinimumVisualStudioVersion = 10.0.40219.1
Project("{FAE04EC0-301F-11D3-BF4B-00C04F79EFBC}") = "Application which was made by GOD", "Application which was made by GOD\Application which was made by GOD.csproj", "{19116D69-25D5-4D47-B404-4529DAB0F3B2}"
EndProject
Global
	GlobalSection(SolutionConfigurationPlatforms) = preSolution
		Debug|Any CPU = Debug|Any CPU
		Release|Any CPU = Release|Any CPU
	EndGlobalSection
	GlobalSection(ProjectConfigurationPlatforms) = postSolution
		{19116D69-25D5-4D47-B404-4529DAB0F3B2}.Debug|Any CPU.ActiveCfg = Debug|Any CPU
		{19116D69-25D5-4D47-B404-4529DAB0F3B2}.Debug|Any CPU.Build.0 = Debug|Any CPU
		{19116D69-25D5-4D47-B404-4529DAB0F3B2}.Release|Any CPU.ActiveCfg = Release|Any CPU
		{19116D69-25D5-4D47-B404-4529DAB0F3B2}.Release|Any CPU.Build.0 = Release|Any CPU
	EndGlobalSection
	GlobalSection(SolutionProperties) = preSolution
		HideSolutionNode = FALSE
	EndGlobalSection
	GlobalSection(ExtensibilityGlobals) = postSolution
		SolutionGuid = {1935C8C7-1565-4EB2-B8D3-48417CD7130D}
	EndGlobalSection
EndGlobal
